// !$*UTF8*$!
{
	archiveVersion = 1;
	classes = {
	};
	objectVersion = 46;
	objects = {

/* Begin PBXBuildFile section */
		B21934771EEAB0E000C40422 /* AppDelegate.swift in Sources */ = {isa = PBXBuildFile; fileRef = B21934761EEAB0E000C40422 /* AppDelegate.swift */; };
		B21934791EEAB0E000C40422 /* ViewController.swift in Sources */ = {isa = PBXBuildFile; fileRef = B21934781EEAB0E000C40422 /* ViewController.swift */; };
		B219347C1EEAB0E000C40422 /* Main.storyboard in Resources */ = {isa = PBXBuildFile; fileRef = B219347A1EEAB0E000C40422 /* Main.storyboard */; };
		B219347E1EEAB0E000C40422 /* Assets.xcassets in Resources */ = {isa = PBXBuildFile; fileRef = B219347D1EEAB0E000C40422 /* Assets.xcassets */; };
		B21934811EEAB0E000C40422 /* LaunchScreen.storyboard in Resources */ = {isa = PBXBuildFile; fileRef = B219347F1EEAB0E000C40422 /* LaunchScreen.storyboard */; };
/* End PBXBuildFile section */

/* Begin PBXFileReference section */
		B21934731EEAB0E000C40422 /* times table.app */ = {isa = PBXFileReference; explicitFileType = wrapper.application; includeInIndex = 0; path = "times table.app"; sourceTree = BUILT_PRODUCTS_DIR; };
		B21934761EEAB0E000C40422 /* AppDelegate.swift */ = {isa = PBXFileReference; lastKnownFileType = sourcecode.swift; path = AppDelegate.swift; sourceTree = "<group>"; };
		B21934781EEAB0E000C40422 /* ViewController.swift */ = {isa = PBXFileReference; lastKnownFileType = sourcecode.swift; path = ViewController.swift; sourceTree = "<group>"; };
		B219347B1EEAB0E000C40422 /* Base */ = {isa = PBXFileReference; lastKnownFileType = file.storyboard; name = Base; path = Base.lproj/Main.storyboard; sourceTree = "<group>"; };
		B219347D1EEAB0E000C40422 /* Assets.xcassets */ = {isa = PBXFileReference; lastKnownFileType = folder.assetcatalog; path = Assets.xcassets; sourceTree = "<group>"; };
		B21934801EEAB0E000C40422 /* Base */ = {isa = PBXFileReference; lastKnownFileType = file.storyboard; name = Base; path = Base.lproj/LaunchScreen.storyboard; sourceTree = "<group>"; };
		B21934821EEAB0E000C40422 /* Info.plist */ = {isa = PBXFileReference; lastKnownFileType = text.plist.xml; path = Info.plist; sourceTree = "<group>"; };
/* End PBXFileReference section */

/* Begin PBXFrameworksBuildPhase section */
		B21934701EEAB0E000C40422 /* Frameworks */ = {
			isa = PBXFrameworksBuildPhase;
			buildActionMask = 2147483647;
			files = (
			);
			runOnlyForDeploymentPostprocessing = 0;
		};
/* End PBXFrameworksBuildPhase section */

/* Begin PBXGroup section */
		B219346A1EEAB0E000C40422 = {
			isa = PBXGroup;
			children = (
				B21934751EEAB0E000C40422 /* times table */,
				B21934741EEAB0E000C40422 /* Products */,
			);
			sourceTree = "<group>";
		};
		B21934741EEAB0E000C40422 /* Products */ = {
			isa = PBXGroup;
			children = (
				B21934731EEAB0E000C40422 /* times table.app */,
			);
			name = Products;
			sourceTree = "<group>";
		};
		B21934751EEAB0E000C40422 /* times table */ = {
			isa = PBXGroup;
			children = (
				B21934761EEAB0E000C40422 /* AppDelegate.swift */,
				B21934781EEAB0E000C40422 /* ViewController.swift */,
				B219347A1EEAB0E000C40422 /* Main.storyboard */,
				B219347D1EEAB0E000C40422 /* Assets.xcassets */,
				B219347F1EEAB0E000C40422 /* LaunchScreen.storyboard */,
				B21934821EEAB0E000C40422 /* Info.plist */,
			);
			path = "times table";
			sourceTree = "<group>";
		};
/* End PBXGroup section */

/* Begin PBXNativeTarget section */
		B21934721EEAB0E000C40422 /* times table */ = {
			isa = PBXNativeTarget;
			buildConfigurationList = B21934851EEAB0E000C40422 /* Build configuration list for PBXNativeTarget "times table" */;
			buildPhases = (
				B219346F1EEAB0E000C40422 /* Sources */,
				B21934701EEAB0E000C40422 /* Frameworks */,
				B21934711EEAB0E000C40422 /* Resources */,
			);
			buildRules = (
			);
			dependencies = (
			);
			name = "times table";
			productName = "times table";
			productReference = B21934731EEAB0E000C40422 /* times table.app */;
			productType = "com.apple.product-type.application";
		};
/* End PBXNativeTarget section */

/* Begin PBXProject section */
		B219346B1EEAB0E000C40422 /* Project object */ = {
			isa = PBXProject;
			attributes = {
				LastSwiftUpdateCheck = 0820;
				LastUpgradeCheck = 0820;
				ORGANIZATIONNAME = "Nare Hovhannisyan";
				TargetAttributes = {
					B21934721EEAB0E000C40422 = {
						CreatedOnToolsVersion = 8.2.1;
						ProvisioningStyle = Automatic;
					};
				};
			};
			buildConfigurationList = B219346E1EEAB0E000C40422 /* Build configuration list for PBXProject "times table" */;
			compatibilityVersion = "Xcode 3.2";
			developmentRegion = English;
			hasScannedForEncodings = 0;
			knownRegions = (
				en,
				Base,
			);
			mainGroup = B219346A1EEAB0E000C40422;
			productRefGroup = B21934741EEAB0E000C40422 /* Products */;
			projectDirPath = "";
			projectRoot = "";
			targets = (
				B21934721EEAB0E000C40422 /* times table */,
			);
		};
/* End PBXProject section */

/* Begin PBXResourcesBuildPhase section */
		B21934711EEAB0E000C40422 /* Resources */ = {
			isa = PBXResourcesBuildPhase;
			buildActionMask = 2147483647;
			files = (
				B21934811EEAB0E000C40422 /* LaunchScreen.storyboard in Resources */,
				B219347E1EEAB0E000C40422 /* Assets.xcassets in Resources */,
				B219347C1EEAB0E000C40422 /* Main.storyboard in Resources */,
			);
			runOnlyForDeploymentPostprocessing = 0;
		};
/* End PBXResourcesBuildPhase section */

/* Begin PBXSourcesBuildPhase section */
		B219346F1EEAB0E000C40422 /* Sources */ = {
			isa = PBXSourcesBuildPhase;
			buildActionMask = 2147483647;
			files = (
				B21934791EEAB0E000C40422 /* ViewController.swift in Sources */,
				B21934771EEAB0E000C40422 /* AppDelegate.swift in Sources */,
			);
			runOnlyForDeploymentPostprocessing = 0;
		};
/* End PBXSourcesBuildPhase section */

/* Begin PBXVariantGroup section */
		B219347A1EEAB0E000C40422 /* Main.storyboard */ = {
			isa = PBXVariantGroup;
			children = (
				B219347B1EEAB0E000C40422 /* Base */,
			);
			name = Main.storyboard;
			sourceTree = "<group>";
		};
		B219347F1EEAB0E000C40422 /* LaunchScreen.storyboard */ = {
			isa = PBXVariantGroup;
			children = (
				B21934801EEAB0E000C40422 /* Base */,
			);
			name = LaunchScreen.storyboard;
			sourceTree = "<group>";
		};
/* End PBXVariantGroup section */

/* Begin XCBuildConfiguration section */
		B21934831EEAB0E000C40422 /* Debug */ = {
			isa = XCBuildConfiguration;
			buildSettings = {
				ALWAYS_SEARCH_USER_PATHS = NO;
				CLANG_ANALYZER_NONNULL = YES;
				CLANG_CXX_LANGUAGE_STANDARD = "gnu++0x";
				CLANG_CXX_LIBRARY = "libc++";
				CLANG_ENABLE_MODULES = YES;
				CLANG_ENABLE_OBJC_ARC = YES;
				CLANG_WARN_BOOL_CONVERSION = YES;
				CLANG_WARN_CONSTANT_CONVERSION = YES;
				CLANG_WARN_DIRECT_OBJC_ISA_USAGE = YES_ERROR;
				CLANG_WARN_DOCUMENTATION_COMMENTS = YES;
				CLANG_WARN_EMPTY_BODY = YES;
				CLANG_WARN_ENUM_CONVERSION = YES;
				CLANG_WARN_INFINITE_RECURSION = YES;
				CLANG_WARN_INT_CONVERSION = YES;
				CLANG_WARN_OBJC_ROOT_CLASS = YES_ERROR;
				CLANG_WARN_SUSPICIOUS_MOVE = YES;
				CLANG_WARN_UNREACHABLE_CODE = YES;
				CLANG_WARN__DUPLICATE_METHOD_MATCH = YES;
				"CODE_SIGN_IDENTITY[sdk=iphoneos*]" = "iPhone Developer";
				COPY_PHASE_STRIP = NO;
				DEBUG_INFORMATION_FORMAT = dwarf;
				ENABLE_STRICT_OBJC_MSGSEND = YES;
				ENABLE_TESTABILITY = YES;
				GCC_C_LANGUAGE_STANDARD = gnu99;
				GCC_DYNAMIC_NO_PIC = NO;
				GCC_NO_COMMON_BLOCKS = YES;
				GCC_OPTIMIZATION_LEVEL = 0;
				GCC_PREPROCESSOR_DEFINITIONS = (
					"DEBUG=1",
					"$(inherited)",
				);
				GCC_WARN_64_TO_32_BIT_CONVERSION = YES;
				GCC_WARN_ABOUT_RETURN_TYPE = YES_ERROR;
				GCC_WARN_UNDECLARED_SELECTOR = YES;
				GCC_WARN_UNINITIALIZED_AUTOS = YES_AGGRESSIVE;
				GCC_WARN_UNUSED_FUNCTION = YES;
				GCC_WARN_UNUSED_VARIABLE = YES;
				IPHONEOS_DEPLOYMENT_TARGET = 10.2;
				MTL_ENABLE_DEBUG_INFO = YES;
				ONLY_ACTIVE_ARCH = YES;
				SDKROOT = iphoneos;
				SWIFT_ACTIVE_COMPILATION_CONDITIONS = DEBUG;
				SWIFT_OPTIMIZATION_LEVEL = "-Onone";
			};
			name = Debug;
		};
		B21934841EEAB0E000C40422 /* Release */ = {
			isa = XCBuildConfiguration;
			buildSettings = {
				ALWAYS_SEARCH_USER_PATHS = NO;
				CLANG_ANALYZER_NONNULL = YES;
				CLANG_CXX_LANGUAGE_STANDARD = "gnu++0x";
				CLANG_CXX_LIBRARY = "libc++";
				CLANG_ENABLE_MODULES = YES;
				CLANG_ENABLE_OBJC_ARC = YES;
				CLANG_WARN_BOOL_CONVERSION = YES;
				CLANG_WARN_CONSTANT_CONVERSION = YES;
				CLANG_WARN_DIRECT_OBJC_ISA_USAGE = YES_ERROR;
				CLANG_WARN_DOCUMENTATION_COMMENTS = YES;
				CLANG_WARN_EMPTY_BODY = YES;
				CLANG_WARN_ENUM_CONVERSION = YES;
				CLANG_WARN_INFINITE_RECURSION = YES;
				CLANG_WARN_INT_CONVERSION = YES;
				CLANG_WARN_OBJC_ROOT_CLASS = YES_ERROR;
				CLANG_WARN_SUSPICIOUS_MOVE = YES;
				CLANG_WARN_UNREACHABLE_CODE = YES;
				CLANG_WARN__DUPLICATE_METHOD_MATCH = YES;
				"CODE_SIGN_IDENTITY[sdk=iphoneos*]" = "iPhone Developer";
				COPY_PHASE_STRIP = NO;
				DEBUG_INFORMATION_FORMAT = "dwarf-with-dsym";
				ENABLE_NS_ASSERTIONS = NO;
				ENABLE_STRICT_OBJC_MSGSEND = YES;
				GCC_C_LANGUAGE_STANDARD = gnu99;
				GCC_NO_COMMON_BLOCKS = YES;
				GCC_WARN_64_TO_32_BIT_CONVERSION = YES;
				GCC_WARN_ABOUT_RETURN_TYPE = YES_ERROR;
				GCC_WARN_UNDECLARED_SELECTOR = YES;
				GCC_WARN_UNINITIALIZED_AUTOS = YES_AGGRESSIVE;
				GCC_WARN_UNUSED_FUNCTION = YES;
				GCC_WARN_UNUSED_VARIABLE = YES;
				IPHONEOS_DEPLOYMENT_TARGET = 10.2;
				MTL_ENABLE_DEBUG_INFO = NO;
				SDKROOT = iphoneos;
				SWIFT_OPTIMIZATION_LEVEL = "-Owholemodule";
				VALIDATE_PRODUCT = YES;
			};
			name = Release;
		};
		B21934861EEAB0E000C40422 /* Debug */ = {
			isa = XCBuildConfiguration;
			buildSettings = {
				ASSETCATALOG_COMPILER_APPICON_NAME = AppIcon;
				INFOPLIST_FILE = "times table/Info.plist";
				LD_RUNPATH_SEARCH_PATHS = "$(inherited) @executable_path/Frameworks";
				PRODUCT_BUNDLE_IDENTIFIER = "com.is-it-prime.times-table";
				PRODUCT_NAME = "$(TARGET_NAME)";
				SWIFT_VERSION = 3.0;
			};
			name = Debug;
		};
		B21934871EEAB0E000C40422 /* Release */ = {
			isa = XCBuildConfiguration;
			buildSettings = {
				ASSETCATALOG_COMPILER_APPICON_NAME = AppIcon;
				INFOPLIST_FILE = "times table/Info.plist";
				LD_RUNPATH_SEARCH_PATHS = "$(inherited) @executable_path/Frameworks";
				PRODUCT_BUNDLE_IDENTIFIER = "com.is-it-prime.times-table";
				PRODUCT_NAME = "$(TARGET_NAME)";
				SWIFT_VERSION = 3.0;
			};
			name = Release;
		};
/* End XCBuildConfiguration section */

/* Begin XCConfigurationList section */
		B219346E1EEAB0E000C40422 /* Build configuration list for PBXProject "times table" */ = {
			isa = XCConfigurationList;
			buildConfigurations = (
				B21934831EEAB0E000C40422 /* Debug */,
				B21934841EEAB0E000C40422 /* Release */,
			);
			defaultConfigurationIsVisible = 0;
			defaultConfigurationName = Release;
		};
		B21934851EEAB0E000C40422 /* Build configuration list for PBXNativeTarget "times table" */ = {
			isa = XCConfigurationList;
			buildConfigurations = (
				B21934861EEAB0E000C40422 /* Debug */,
				B21934871EEAB0E000C40422 /* Release */,
			);
			defaultConfigurationIsVisible = 0;
		};
/* End XCConfigurationList section */
	};
	rootObject = B219346B1EEAB0E000C40422 /* Project object */;
}
